
Microsoft Visual Studio Solution File, Format Version 12.00
# Visual Studio Version 17
VisualStudioVersion = 17.7.34031.279
MinimumVisualStudioVersion = 10.0.40219.1
Project("{9A19103F-16F7-4668-BE54-9A1E7A4F7556}") = "MauiApp1", "MauiApp1\MauiApp1.csproj", "{4EDCF7F4-7536-4ACF-A8FD-F3659B029D0F}"
EndProject
Global
	GlobalSection(SolutionConfigurationPlatforms) = preSolution
		Debug|Any CPU = Debug|Any CPU
		Release|Any CPU = Release|Any CPU
	EndGlobalSection
	GlobalSection(ProjectConfigurationPlatforms) = postSolution
		{4EDCF7F4-7536-4ACF-A8FD-F3659B029D0F}.Debug|Any CPU.ActiveCfg = Debug|Any CPU
		{4EDCF7F4-7536-4ACF-A8FD-F3659B029D0F}.Debug|Any CPU.Build.0 = Debug|Any CPU
		{4EDCF7F4-7536-4ACF-A8FD-F3659B029D0F}.Debug|Any CPU.Deploy.0 = Debug|Any CPU
		{4EDCF7F4-7536-4ACF-A8FD-F3659B029D0F}.Release|Any CPU.ActiveCfg = Release|Any CPU
		{4EDCF7F4-7536-4ACF-A8FD-F3659B029D0F}.Release|Any CPU.Build.0 = Release|Any CPU
		{4EDCF7F4-7536-4ACF-A8FD-F3659B029D0F}.Release|Any CPU.Deploy.0 = Release|Any CPU
	EndGlobalSection
	GlobalSection(SolutionProperties) = preSolution
		HideSolutionNode = FALSE
	EndGlobalSection
	GlobalSection(ExtensibilityGlobals) = postSolution
		SolutionGuid = {47D51D2D-7E61-4754-B158-B17E7E6E3441}
	EndGlobalSection
EndGlobal
